
Microsoft Visual Studio Solution File, Format Version 12.00
# Visual Studio Version 16
VisualStudioVersion = 16.0.31911.196
MinimumVisualStudioVersion = 10.0.40219.1
Project("{FAE04EC0-301F-11D3-BF4B-00C04F79EFBC}") = "WebAPI", "WebAPI\WebAPI.csproj", "{0AECD471-40E1-45B8-B053-E2BD0F1EEBE1}"
EndProject
Project("{FAE04EC0-301F-11D3-BF4B-00C04F79EFBC}") = "WebAPI.DB", "WebAPI.DB\WebAPI.DB.csproj", "{0DC5A7B4-D913-409E-9C5C-7CE501B0369F}"
EndProject
Global
	GlobalSection(SolutionConfigurationPlatforms) = preSolution
		Debug|Any CPU = Debug|Any CPU
		Release|Any CPU = Release|Any CPU
	EndGlobalSection
	GlobalSection(ProjectConfigurationPlatforms) = postSolution
		{0AECD471-40E1-45B8-B053-E2BD0F1EEBE1}.Debug|Any CPU.ActiveCfg = Debug|Any CPU
		{0AECD471-40E1-45B8-B053-E2BD0F1EEBE1}.Debug|Any CPU.Build.0 = Debug|Any CPU
		{0AECD471-40E1-45B8-B053-E2BD0F1EEBE1}.Release|Any CPU.ActiveCfg = Release|Any CPU
		{0AECD471-40E1-45B8-B053-E2BD0F1EEBE1}.Release|Any CPU.Build.0 = Release|Any CPU
		{0DC5A7B4-D913-409E-9C5C-7CE501B0369F}.Debug|Any CPU.ActiveCfg = Debug|Any CPU
		{0DC5A7B4-D913-409E-9C5C-7CE501B0369F}.Debug|Any CPU.Build.0 = Debug|Any CPU
		{0DC5A7B4-D913-409E-9C5C-7CE501B0369F}.Release|Any CPU.ActiveCfg = Release|Any CPU
		{0DC5A7B4-D913-409E-9C5C-7CE501B0369F}.Release|Any CPU.Build.0 = Release|Any CPU
	EndGlobalSection
	GlobalSection(SolutionProperties) = preSolution
		HideSolutionNode = FALSE
	EndGlobalSection
	GlobalSection(ExtensibilityGlobals) = postSolution
		SolutionGuid = {D8D9908E-C6A8-479C-B5E2-3894C3CCCD0D}
	EndGlobalSection
EndGlobal
